
Microsoft Visual Studio Solution File, Format Version 12.00
# Visual Studio 15
VisualStudioVersion = 15.0.28307.757
MinimumVisualStudioVersion = 10.0.40219.1
Project("{8BC9CEB8-8B4A-11D0-8D11-00A0C91BC942}") = "ch6_lab1", "ch6_lab1\ch6_lab1.vcxproj", "{D20BDD16-A4C7-4497-8A6A-9561BBB99FB6}"
EndProject
Global
	GlobalSection(SolutionConfigurationPlatforms) = preSolution
		Debug|x64 = Debug|x64
		Debug|x86 = Debug|x86
		Release|x64 = Release|x64
		Release|x86 = Release|x86
	EndGlobalSection
	GlobalSection(ProjectConfigurationPlatforms) = postSolution
		{D20BDD16-A4C7-4497-8A6A-9561BBB99FB6}.Debug|x64.ActiveCfg = Debug|x64
		{D20BDD16-A4C7-4497-8A6A-9561BBB99FB6}.Debug|x64.Build.0 = Debug|x64
		{D20BDD16-A4C7-4497-8A6A-9561BBB99FB6}.Debug|x86.ActiveCfg = Debug|Win32
		{D20BDD16-A4C7-4497-8A6A-9561BBB99FB6}.Debug|x86.Build.0 = Debug|Win32
		{D20BDD16-A4C7-4497-8A6A-9561BBB99FB6}.Release|x64.ActiveCfg = Release|x64
		{D20BDD16-A4C7-4497-8A6A-9561BBB99FB6}.Release|x64.Build.0 = Release|x64
		{D20BDD16-A4C7-4497-8A6A-9561BBB99FB6}.Release|x86.ActiveCfg = Release|Win32
		{D20BDD16-A4C7-4497-8A6A-9561BBB99FB6}.Release|x86.Build.0 = Release|Win32
	EndGlobalSection
	GlobalSection(SolutionProperties) = preSolution
		HideSolutionNode = FALSE
	EndGlobalSection
	GlobalSection(ExtensibilityGlobals) = postSolution
		SolutionGuid = {322254C6-B4CB-4851-955E-2393C1003960}
	EndGlobalSection
EndGlobal
